{
  "requires": true,
  "lockfileVersion": 1,
  "dependencies": {
    "@babel/runtime": {
      "version": "7.17.2",
      "resolved": "https://registry.npmjs.org/@babel/runtime/-/runtime-7.17.2.tgz",
      "integrity": "sha512-hzeyJyMA1YGdJTuWU0e/j4wKXrU4OMFvY2MSlaI9B7VQb0r5cxTE3EAIS2Q7Tn2RIcDkRvTA/v2JsAEhxe99uw==",
      "requires": {
        "regenerator-runtime": "^0.13.4"
      }
    },
    "@juggle/resize-observer": {
      "version": "3.3.1",
      "resolved": "https://registry.npmjs.org/@juggle/resize-observer/-/resize-observer-3.3.1.tgz",
      "integrity": "sha512-zMM9Ds+SawiUkakS7y94Ymqx+S0ORzpG3frZirN3l+UlXUmSUR7hF4wxCVqW+ei94JzV5kt0uXBcoOEAuiydrw=="
    },
    "@next/env": {
      "version": "12.1.0",
      "resolved": "https://registry.npmjs.org/@next/env/-/env-12.1.0.tgz",
      "integrity": "sha512-nrIgY6t17FQ9xxwH3jj0a6EOiQ/WDHUos35Hghtr+SWN/ntHIQ7UpuvSi0vaLzZVHQWaDupKI+liO5vANcDeTQ=="
    },
    "@next/swc-android-arm64": {
      "version": "12.1.0",
      "resolved": "https://registry.npmjs.org/@next/swc-android-arm64/-/swc-android-arm64-12.1.0.tgz",
      "integrity": "sha512-/280MLdZe0W03stA69iL+v6I+J1ascrQ6FrXBlXGCsGzrfMaGr7fskMa0T5AhQIVQD4nA/46QQWxG//DYuFBcA==",
      "optional": true
    },
    "@next/swc-darwin-arm64": {
      "version": "12.1.0",
      "resolved": "https://registry.npmjs.org/@next/swc-darwin-arm64/-/swc-darwin-arm64-12.1.0.tgz",
      "integrity": "sha512-R8vcXE2/iONJ1Unf5Ptqjk6LRW3bggH+8drNkkzH4FLEQkHtELhvcmJwkXcuipyQCsIakldAXhRbZmm3YN1vXg==",
      "optional": true
    },
    "@next/swc-darwin-x64": {
      "version": "12.1.0",
      "resolved": "https://registry.npmjs.org/@next/swc-darwin-x64/-/swc-darwin-x64-12.1.0.tgz",
      "integrity": "sha512-ieAz0/J0PhmbZBB8+EA/JGdhRHBogF8BWaeqR7hwveb6SYEIJaDNQy0I+ZN8gF8hLj63bEDxJAs/cEhdnTq+ug==",
      "optional": true
    },
    "@next/swc-linux-arm-gnueabihf": {
      "version": "12.1.0",
      "resolved": "https://registry.npmjs.org/@next/swc-linux-arm-gnueabihf/-/swc-linux-arm-gnueabihf-12.1.0.tgz",
      "integrity": "sha512-njUd9hpl6o6A5d08dC0cKAgXKCzm5fFtgGe6i0eko8IAdtAPbtHxtpre3VeSxdZvuGFh+hb0REySQP9T1ttkog==",
      "optional": true
    },
    "@next/swc-linux-arm64-gnu": {
      "version": "12.1.0",
      "resolved": "https://registry.npmjs.org/@next/swc-linux-arm64-gnu/-/swc-linux-arm64-gnu-12.1.0.tgz",
      "integrity": "sha512-OqangJLkRxVxMhDtcb7Qn1xjzFA3s50EIxY7mljbSCLybU+sByPaWAHY4px97ieOlr2y4S0xdPKkQ3BCAwyo6Q==",
      "optional": true
    },
    "@next/swc-linux-arm64-musl": {
      "version": "12.1.0",
      "resolved": "https://registry.npmjs.org/@next/swc-linux-arm64-musl/-/swc-linux-arm64-musl-12.1.0.tgz",
      "integrity": "sha512-hB8cLSt4GdmOpcwRe2UzI5UWn6HHO/vLkr5OTuNvCJ5xGDwpPXelVkYW/0+C3g5axbDW2Tym4S+MQCkkH9QfWA==",
      "optional": true
    },
    "@next/swc-linux-x64-gnu": {
      "version": "12.1.0",
      "resolved": "https://registry.npmjs.org/@next/swc-linux-x64-gnu/-/swc-linux-x64-gnu-12.1.0.tgz",
      "integrity": "sha512-OKO4R/digvrVuweSw/uBM4nSdyzsBV5EwkUeeG4KVpkIZEe64ZwRpnFB65bC6hGwxIBnTv5NMSnJ+0K/WmG78A==",
      "optional": true
    },
    "@next/swc-linux-x64-musl": {
      "version": "12.1.0",
      "resolved": "https://registry.npmjs.org/@next/swc-linux-x64-musl/-/swc-linux-x64-musl-12.1.0.tgz",
      "integrity": "sha512-JohhgAHZvOD3rQY7tlp7NlmvtvYHBYgY0x5ZCecUT6eCCcl9lv6iV3nfu82ErkxNk1H893fqH0FUpznZ/H3pSw==",
      "optional": true
    },
    "@next/swc-win32-arm64-msvc": {
      "version": "12.1.0",
      "resolved": "https://registry.npmjs.org/@next/swc-win32-arm64-msvc/-/swc-win32-arm64-msvc-12.1.0.tgz",
      "integrity": "sha512-T/3gIE6QEfKIJ4dmJk75v9hhNiYZhQYAoYm4iVo1TgcsuaKLFa+zMPh4056AHiG6n9tn2UQ1CFE8EoybEsqsSw==",
      "optional": true
    },
    "@next/swc-win32-ia32-msvc": {
      "version": "12.1.0",
      "resolved": "https://registry.npmjs.org/@next/swc-win32-ia32-msvc/-/swc-win32-ia32-msvc-12.1.0.tgz",
      "integrity": "sha512-iwnKgHJdqhIW19H9PRPM9j55V6RdcOo6rX+5imx832BCWzkDbyomWnlzBfr6ByUYfhohb8QuH4hSGEikpPqI0Q==",
      "optional": true
    },
    "@next/swc-win32-x64-msvc": {
      "version": "12.1.0",
      "resolved": "https://registry.npmjs.org/@next/swc-win32-x64-msvc/-/swc-win32-x64-msvc-12.1.0.tgz",
      "integrity": "sha512-aBvcbMwuanDH4EMrL2TthNJy+4nP59Bimn8egqv6GHMVj0a44cU6Au4PjOhLNqEh9l+IpRGBqMTzec94UdC5xg==",
      "optional": true
    },
    "@react-md/alert": {
      "version": "2.9.1",
      "resolved": "https://registry.npmjs.org/@react-md/alert/-/alert-2.9.1.tgz",
      "integrity": "sha512-9knEr0z3i63EQv/t2uSGv066WYyCB3Lh9nMJZO8BLKKUu2QfhvENeWIW0uJ6q3Y5RUWtzxbQccR2Nppges1esg==",
      "requires": {
        "@react-md/button": "^2.9.1",
        "@react-md/elevation": "^2.9.1",
        "@react-md/portal": "^2.9.1",
        "@react-md/theme": "^2.9.1",
        "@react-md/transition": "^2.9.1",
        "@react-md/typography": "^2.9.1",
        "@react-md/utils": "^2.9.1",
        "classnames": "^2.3.1",
        "prop-types": ">= 15.6",
        "react-transition-group": "^4.4.2"
      }
    },
    "@react-md/app-bar": {
      "version": "2.9.1",
      "resolved": "https://registry.npmjs.org/@react-md/app-bar/-/app-bar-2.9.1.tgz",
      "integrity": "sha512-2NNbFGBzrItfttUCh/mcNOK9RBiy0hqsr517F773fT84lerK0JZIlpe5ieMnjKBBJ4I3SjDlGAWY/PmcVInWsw==",
      "requires": {
        "@react-md/button": "^2.9.1",
        "@react-md/elevation": "^2.9.1",
        "@react-md/icon": "^2.9.1",
        "@react-md/theme": "^2.9.1",
        "@react-md/typography": "^2.9.1",
        "@react-md/utils": "^2.9.1",
        "classnames": "^2.3.1",
        "prop-types": ">= 15.6"
      }
    },
    "@react-md/autocomplete": {
      "version": "2.9.1",
      "resolved": "https://registry.npmjs.org/@react-md/autocomplete/-/autocomplete-2.9.1.tgz",
      "integrity": "sha512-Aek79BsLV0a7TygdwlURxcxzOtC9RkSSs4obPAEGK37s/Syq0QVD8Zey5+/ZaKNb6ffFUP3s7v/owxRRiywHyw==",
      "requires": {
        "@react-md/form": "^2.9.1",
        "@react-md/list": "^2.9.1",
        "@react-md/portal": "^2.9.1",
        "@react-md/states": "^2.9.1",
        "@react-md/theme": "^2.9.1",
        "@react-md/transition": "^2.9.1",
        "@react-md/typography": "^2.9.1",
        "@react-md/utils": "^2.9.1",
        "classnames": "^2.3.1",
        "prop-types": ">= 15.6"
      }
    },
    "@react-md/avatar": {
      "version": "2.9.1",
      "resolved": "https://registry.npmjs.org/@react-md/avatar/-/avatar-2.9.1.tgz",
      "integrity": "sha512-oVc6gzYYg4d6xiTQblOFjg3K4+xNLjWX48OJaPvJAaSGSF0lgrcbxjZ2KI3jSuC5pjit0ZNlBoXgkriEJCtp5w==",
      "requires": {
        "@react-md/icon": "^2.9.1",
        "@react-md/theme": "^2.9.1",
        "@react-md/utils": "^2.9.1",
        "classnames": "^2.3.1",
        "prop-types": ">= 15.6"
      }
    },
    "@react-md/badge": {
      "version": "2.9.1",
      "resolved": "https://registry.npmjs.org/@react-md/badge/-/badge-2.9.1.tgz",
      "integrity": "sha512-cTsPjjOS12PY3w0cG2oDK6swvyYIoVEmcoy29jg3+pHNOvVQPD9SdJ1gqBlbyHNZROd7RcPqf5yYsIBkWL4mNQ==",
      "requires": {
        "@react-md/button": "^2.9.1",
        "@react-md/icon": "^2.9.1",
        "@react-md/theme": "^2.9.1",
        "@react-md/typography": "^2.9.1",
        "@react-md/utils": "^2.9.1",
        "classnames": "^2.3.1",
        "prop-types": ">= 15.6"
      }
    },
    "@react-md/button": {
      "version": "2.9.1",
      "resolved": "https://registry.npmjs.org/@react-md/button/-/button-2.9.1.tgz",
      "integrity": "sha512-IiIAYesBBWmGOCddLW/LqdL12azXVoMBPHGD/CD4I/2L5/WQ6qBo3TbMXnlpze3kUoUA0VvnwKSDo6nYQzbFpg==",
      "requires": {
        "@react-md/elevation": "^2.9.1",
        "@react-md/icon": "^2.9.1",
        "@react-md/states": "^2.9.1",
        "@react-md/theme": "^2.9.1",
        "@react-md/transition": "^2.9.1",
        "@react-md/typography": "^2.9.1",
        "@react-md/utils": "^2.9.1",
        "classnames": "^2.3.1",
        "prop-types": ">= 15.6"
      }
    },
    "@react-md/card": {
      "version": "2.9.1",
      "resolved": "https://registry.npmjs.org/@react-md/card/-/card-2.9.1.tgz",
      "integrity": "sha512-KOp/pOMt+Rbtsgj93TIE8hU9pm/LpwD8y1GKaeYzqBgwHVrtNpXz9dIO6oVF4gWJp4lpVqxA9Iz9SJ/wN29aKQ==",
      "requires": {
        "@react-md/divider": "^2.9.1",
        "@react-md/elevation": "^2.9.1",
        "@react-md/icon": "^2.9.1",
        "@react-md/states": "^2.9.1",
        "@react-md/theme": "^2.9.1",
        "@react-md/typography": "^2.9.1",
        "@react-md/utils": "^2.9.1",
        "classnames": "^2.3.1",
        "prop-types": ">= 15.6"
      }
    },
    "@react-md/chip": {
      "version": "2.9.1",
      "resolved": "https://registry.npmjs.org/@react-md/chip/-/chip-2.9.1.tgz",
      "integrity": "sha512-85Xl/f7+zBHBhDf9GVu2/ppJr//IjHljYpHt5cvXykn0hKLLPb3447WyZ+8FyjMdz3YWUTTZzd3v1vgvBqGU8g==",
      "requires": {
        "@react-md/elevation": "^2.9.1",
        "@react-md/icon": "^2.9.1",
        "@react-md/states": "^2.9.1",
        "@react-md/theme": "^2.9.1",
        "@react-md/typography": "^2.9.1",
        "@react-md/utils": "^2.9.1",
        "classnames": "^2.3.1",
        "prop-types": ">= 15.6"
      }
    },
    "@react-md/dialog": {
      "version": "2.9.1",
      "resolved": "https://registry.npmjs.org/@react-md/dialog/-/dialog-2.9.1.tgz",
      "integrity": "sha512-fpUNs/jNUSQbfOWKPowceC6ZIq4pVkQLWh2jV2npA/tcYGd1oWXGRBuQOCXdjb63A9S5dEg5iM8iRMIjqpA5Zw==",
      "requires": {
        "@react-md/app-bar": "^2.9.1",
        "@react-md/elevation": "^2.9.1",
        "@react-md/overlay": "^2.9.1",
        "@react-md/portal": "^2.9.1",
        "@react-md/theme": "^2.9.1",
        "@react-md/transition": "^2.9.1",
        "@react-md/typography": "^2.9.1",
        "@react-md/utils": "^2.9.1",
        "classnames": "^2.3.1",
        "prop-types": ">= 15.6",
        "react-transition-group": "^4.4.2"
      }
    },
    "@react-md/divider": {
      "version": "2.9.1",
      "resolved": "https://registry.npmjs.org/@react-md/divider/-/divider-2.9.1.tgz",
      "integrity": "sha512-KHR0fhg5twEQo8Ps0y0sP4LNEmN0jCs2alFsGhUzbZNlLlvu/vouxd2aD8xZuFU1H/WRAYFYGJOd5XWQIDXFlw==",
      "requires": {
        "@react-md/theme": "^2.9.1",
        "@react-md/utils": "^2.9.1",
        "classnames": "^2.3.1",
        "prop-types": ">= 15.6"
      }
    },
    "@react-md/elevation": {
      "version": "2.9.1",
      "resolved": "https://registry.npmjs.org/@react-md/elevation/-/elevation-2.9.1.tgz",
      "integrity": "sha512-DwsFgBbMVwDBMjwu6njKtp0LqwRd+kVydluAITNDKYn1oumVzqOelTsqNLryw9lyfGpDo08moCJjtuJYGURzpQ==",
      "requires": {
        "@react-md/theme": "^2.9.1",
        "@react-md/transition": "^2.9.1",
        "@react-md/utils": "^2.9.1"
      }
    },
    "@react-md/expansion-panel": {
      "version": "2.9.1",
      "resolved": "https://registry.npmjs.org/@react-md/expansion-panel/-/expansion-panel-2.9.1.tgz",
      "integrity": "sha512-+LVOJyOdsJWvizbDFt3XiZC48MGtCvnoVLy+FCqlAaFuBl9QRs47rTruhi98LLefFRSmugZZcF5tv8FCCuIqsg==",
      "requires": {
        "@react-md/button": "^2.9.1",
        "@react-md/card": "^2.9.1",
        "@react-md/icon": "^2.9.1",
        "@react-md/theme": "^2.9.1",
        "@react-md/transition": "^2.9.1",
        "@react-md/utils": "^2.9.1",
        "classnames": "^2.3.1",
        "prop-types": ">= 15.6"
      }
    },
    "@react-md/form": {
      "version": "2.9.1",
      "resolved": "https://registry.npmjs.org/@react-md/form/-/form-2.9.1.tgz",
      "integrity": "sha512-IE09vqoHGY6/DzuyOwYqP2gOD1ChhCUTnPzOgItTSZsPuDx1F5yrAYGItOUpCK3Ui9dlk1MYCdwKzUGm1sjRoA==",
      "requires": {
        "@react-md/button": "^2.9.1",
        "@react-md/icon": "^2.9.1",
        "@react-md/list": "^2.9.1",
        "@react-md/portal": "^2.9.1",
        "@react-md/progress": "^2.9.1",
        "@react-md/states": "^2.9.1",
        "@react-md/theme": "^2.9.1",
        "@react-md/tooltip": "^2.9.1",
        "@react-md/transition": "^2.9.1",
        "@react-md/typography": "^2.9.1",
        "@react-md/utils": "^2.9.1",
        "classnames": "^2.3.1",
        "nanoid": "^3.1.23",
        "prop-types": ">= 15.6"
      }
    },
    "@react-md/icon": {
      "version": "2.9.1",
      "resolved": "https://registry.npmjs.org/@react-md/icon/-/icon-2.9.1.tgz",
      "integrity": "sha512-IxdDnSUujJeRgPJGhxDtl39tVltmXbJ+Bx0scj1fKRuSM1lxNoa+LhPinWF/O2V8/PYZAvOYjhjXN7e1YkB1zQ==",
      "requires": {
        "@react-md/theme": "^2.9.1",
        "@react-md/typography": "^2.9.1",
        "@react-md/utils": "^2.9.1",
        "classnames": "^2.3.1",
        "prop-types": ">= 15.6"
      }
    },
    "@react-md/layout": {
      "version": "2.9.1",
      "resolved": "https://registry.npmjs.org/@react-md/layout/-/layout-2.9.1.tgz",
      "integrity": "sha512-XX8Dhp9SIBgk+xR04LY7H+Gb0TMjrS8BN6BiLpqnv/ueoqOS9pwP17siOl4vQd1PMoK/TE8kJgiFxa8POSnM4A==",
      "requires": {
        "@react-md/app-bar": "^2.9.1",
        "@react-md/dialog": "^2.9.1",
        "@react-md/divider": "^2.9.1",
        "@react-md/form": "^2.9.1",
        "@react-md/icon": "^2.9.1",
        "@react-md/link": "^2.9.1",
        "@react-md/list": "^2.9.1",
        "@react-md/sheet": "^2.9.1",
        "@react-md/states": "^2.9.1",
        "@react-md/theme": "^2.9.1",
        "@react-md/tooltip": "^2.9.1",
        "@react-md/transition": "^2.9.1",
        "@react-md/tree": "^2.9.1",
        "@react-md/typography": "^2.9.1",
        "@react-md/utils": "^2.9.1",
        "classnames": "^2.3.1",
        "prop-types": ">= 15.6"
      }
    },
    "@react-md/link": {
      "version": "2.9.1",
      "resolved": "https://registry.npmjs.org/@react-md/link/-/link-2.9.1.tgz",
      "integrity": "sha512-XoycOch8K+H0m1UASKdo5RUYqT8LkvPFU6mHpWQEJkQf0lrt28mLTp3PhvLjbqSQov6/CCvrP0QnrJYlqOuJtA==",
      "requires": {
        "@react-md/states": "^2.9.1",
        "@react-md/theme": "^2.9.1",
        "@react-md/transition": "^2.9.1",
        "@react-md/typography": "^2.9.1",
        "classnames": "^2.3.1",
        "prop-types": "^15.6.2"
      }
    },
    "@react-md/list": {
      "version": "2.9.1",
      "resolved": "https://registry.npmjs.org/@react-md/list/-/list-2.9.1.tgz",
      "integrity": "sha512-k8vyi9PqTkNEg1o8ThGk3MQ79GMBebitEIlETQVm6rvzB9hy3XcB4TKRYjO8WKkjtzd9PM8a+0wVN5hHgKgmwg==",
      "requires": {
        "@react-md/avatar": "^2.9.1",
        "@react-md/divider": "^2.9.1",
        "@react-md/icon": "^2.9.1",
        "@react-md/states": "^2.9.1",
        "@react-md/theme": "^2.9.1",
        "@react-md/typography": "^2.9.1",
        "@react-md/utils": "^2.9.1",
        "classnames": "^2.3.1",
        "prop-types": ">= 15.6"
      }
    },
    "@react-md/material-icons": {
      "version": "2.9.1",
      "resolved": "https://registry.npmjs.org/@react-md/material-icons/-/material-icons-2.9.1.tgz",
      "integrity": "sha512-rY8KsoJXO9o4Coid3YaH16zEgpUSpl226Qk6N/jYPUNQ5JcFlHHayMPTPXnmtuSou5JbTX5Ez+YB0sii6VMReA==",
      "requires": {
        "@react-md/icon": "^2.9.1"
      }
    },
    "@react-md/media": {
      "version": "2.9.1",
      "resolved": "https://registry.npmjs.org/@react-md/media/-/media-2.9.1.tgz",
      "integrity": "sha512-mzVkEoR3367ZGo+p35emf4n7kmSo8qgzBLOqXd6psRZoblHKOCSn/KGVvYeuU2kBdN5ijH5o5IQyVFrVz3jpZQ==",
      "requires": {
        "@react-md/theme": "^2.9.1",
        "@react-md/utils": "^2.9.1",
        "classnames": "^2.3.1",
        "prop-types": ">= 15.6"
      }
    },
    "@react-md/menu": {
      "version": "2.9.1",
      "resolved": "https://registry.npmjs.org/@react-md/menu/-/menu-2.9.1.tgz",
      "integrity": "sha512-NmQpHXXzBtcbnMMMB6c4qqB5lLauQi+IT0xzzAXpMcygL6Em6du1G7oBzj+NPg2OrWDCdAnCSF9vcXZ8C6PKEg==",
      "requires": {
        "@react-md/app-bar": "^2.9.1",
        "@react-md/button": "^2.9.1",
        "@react-md/divider": "^2.9.1",
        "@react-md/elevation": "^2.9.1",
        "@react-md/icon": "^2.9.1",
        "@react-md/list": "^2.9.1",
        "@react-md/states": "^2.9.1",
        "@react-md/theme": "^2.9.1",
        "@react-md/typography": "^2.9.1",
        "@react-md/utils": "^2.9.1",
        "classnames": "^2.3.1",
        "prop-types": ">= 15.6"
      }
    },
    "@react-md/overlay": {
      "version": "2.9.1",
      "resolved": "https://registry.npmjs.org/@react-md/overlay/-/overlay-2.9.1.tgz",
      "integrity": "sha512-UT3Szvx7TnMKDs81iDXt6MTnXa5lTOYb7hyOv0Z8msyZA9A1LNACKk2MsoWrOGAWslm3Ad9W4wLJyhmBZt8vxw==",
      "requires": {
        "@react-md/portal": "^2.9.1",
        "@react-md/theme": "^2.9.1",
        "@react-md/transition": "^2.9.1",
        "@react-md/utils": "^2.9.1",
        "classnames": "^2.3.1",
        "prop-types": ">= 15.6",
        "react-transition-group": "^4.4.2"
      }
    },
    "@react-md/portal": {
      "version": "2.9.1",
      "resolved": "https://registry.npmjs.org/@react-md/portal/-/portal-2.9.1.tgz",
      "integrity": "sha512-nQGX9zk0L9L5Xo+2hVs4CEgmM5v3gsonWgc2E+LvPWtvp5oewcj2U/iDr2BzZ7cjyyM1FjXkYMmd/CaG+iY0Lg==",
      "requires": {
        "prop-types": ">= 15.6"
      }
    },
    "@react-md/progress": {
      "version": "2.9.1",
      "resolved": "https://registry.npmjs.org/@react-md/progress/-/progress-2.9.1.tgz",
      "integrity": "sha512-SRe/SCZc0+zXiFsx+2rsdE4C7sGbC0srsm2OI9y/Q25l4eZ6H3qnPux5eCHpixWWXe2q0/zpzeZkGbAac4MJ8w==",
      "requires": {
        "@react-md/theme": "^2.9.1",
        "@react-md/transition": "^2.9.1",
        "@react-md/utils": "^2.9.1",
        "classnames": "^2.3.1",
        "prop-types": ">= 15.6"
      }
    },
    "@react-md/sheet": {
      "version": "2.9.1",
      "resolved": "https://registry.npmjs.org/@react-md/sheet/-/sheet-2.9.1.tgz",
      "integrity": "sha512-fdznXX8On05EfL2QzEeunFi07lZNmqCNP8NyvXAjtY1IAyspG2mJZZygZ4/aqddW4bOUq+j9XlKLuuLwokmqOg==",
      "requires": {
        "@react-md/dialog": "^2.9.1",
        "@react-md/elevation": "^2.9.1",
        "@react-md/overlay": "^2.9.1",
        "@react-md/theme": "^2.9.1",
        "@react-md/transition": "^2.9.1",
        "@react-md/utils": "^2.9.1",
        "classnames": "^2.3.1",
        "prop-types": ">= 15.6"
      }
    },
    "@react-md/states": {
      "version": "2.9.1",
      "resolved": "https://registry.npmjs.org/@react-md/states/-/states-2.9.1.tgz",
      "integrity": "sha512-GLnUQrvO45pZzPDPzA/13xiWXleXVLIXT+UOu97AFXzVtJuUbZ7e0DJEIpReWb2ZWUHDHIhie+4H3/zkdfPVUw==",
      "requires": {
        "@react-md/theme": "^2.9.1",
        "@react-md/transition": "^2.9.1",
        "@react-md/utils": "^2.9.1",
        "classnames": "^2.3.1",
        "prop-types": ">= 15.6",
        "react-transition-group": "^4.4.2"
      }
    },
    "@react-md/table": {
      "version": "2.9.1",
      "resolved": "https://registry.npmjs.org/@react-md/table/-/table-2.9.1.tgz",
      "integrity": "sha512-MYUVq8H37+pDoHOMUGrvHPthyT8IF1tPRrBDqsv96+mL9xphnjht/tVRM+U/9kYAyqTG+Gx76xdtbkrL9rZ2Xw==",
      "requires": {
        "@react-md/divider": "^2.9.1",
        "@react-md/form": "^2.9.1",
        "@react-md/theme": "^2.9.1",
        "@react-md/transition": "^2.9.1",
        "@react-md/typography": "^2.9.1",
        "@react-md/utils": "^2.9.1",
        "classnames": "^2.3.1",
        "prop-types": ">= 15.6"
      }
    },
    "@react-md/tabs": {
      "version": "2.9.1",
      "resolved": "https://registry.npmjs.org/@react-md/tabs/-/tabs-2.9.1.tgz",
      "integrity": "sha512-1VAKAuRqBJG+HUm9f91nTcTdPwtRkVJANiDhORBtLLgyQvlsuh5bqC2aeaVDDetjzXfkPVn42DNa1ygflqCJYg==",
      "requires": {
        "@react-md/icon": "^2.9.1",
        "@react-md/states": "^2.9.1",
        "@react-md/theme": "^2.9.1",
        "@react-md/transition": "^2.9.1",
        "@react-md/typography": "^2.9.1",
        "@react-md/utils": "^2.9.1",
        "classnames": "^2.3.1",
        "prop-types": ">= 15.6",
        "react-transition-group": "^4.4.2"
      }
    },
    "@react-md/theme": {
      "version": "2.9.1",
      "resolved": "https://registry.npmjs.org/@react-md/theme/-/theme-2.9.1.tgz",
      "integrity": "sha512-pYaspp8manzbMIk6QGZHqzIBUXmYtYoWj38kxs+rdmAJzdzFEd9wIWsT7KUwUSx6cgruplwLhQKOLw277rkcAw==",
      "requires": {
        "@react-md/utils": "^2.9.1",
        "prop-types": ">= 15.6"
      }
    },
    "@react-md/tooltip": {
      "version": "2.9.1",
      "resolved": "https://registry.npmjs.org/@react-md/tooltip/-/tooltip-2.9.1.tgz",
      "integrity": "sha512-tYyPrVC44kTtFFSObvi9uUfWuxr17OFA+96KR4ocodjkzqwl89kDzsyPekvy2DP8ZRTNZV+iuYfDMICxFHp3hQ==",
      "requires": {
        "@react-md/portal": "^2.9.1",
        "@react-md/theme": "^2.9.1",
        "@react-md/transition": "^2.9.1",
        "@react-md/typography": "^2.9.1",
        "@react-md/utils": "^2.9.1",
        "classnames": "^2.3.1",
        "prop-types": ">= 15.6",
        "react-transition-group": "^4.4.2"
      }
    },
    "@react-md/transition": {
      "version": "2.9.1",
      "resolved": "https://registry.npmjs.org/@react-md/transition/-/transition-2.9.1.tgz",
      "integrity": "sha512-0LI/O8R57Z/2xEDqMs/7p+1xRRqaZPflYAhBqTVe9bSk5az4bmbVCabMBLNZ9OJ8/hDKlDCTyGNbgIbcvhyBwA==",
      "requires": {
        "@react-md/portal": "^2.9.1",
        "@react-md/theme": "^2.9.1",
        "@react-md/utils": "^2.9.1",
        "@types/react-transition-group": "^4.4.2",
        "classnames": "^2.3.1",
        "prop-types": ">= 15.6",
        "react-transition-group": "^4.4.2"
      }
    },
    "@react-md/tree": {
      "version": "2.9.1",
      "resolved": "https://registry.npmjs.org/@react-md/tree/-/tree-2.9.1.tgz",
      "integrity": "sha512-INXLHLYR4YwlmzV7xNZbyglQ/NOmzI6l4g52+3pnkzK/5wpz/J9w8LM39sfwMHicFJu6iPGschhbe37vfmJufQ==",
      "requires": {
        "@react-md/icon": "^2.9.1",
        "@react-md/list": "^2.9.1",
        "@react-md/theme": "^2.9.1",
        "@react-md/transition": "^2.9.1",
        "@react-md/utils": "^2.9.1",
        "classnames": "^2.3.1",
        "prop-types": ">= 15.6"
      }
    },
    "@react-md/typography": {
      "version": "2.9.1",
      "resolved": "https://registry.npmjs.org/@react-md/typography/-/typography-2.9.1.tgz",
      "integrity": "sha512-BUaYMtPdViG7vvgATsrQFBSCaFpKgxES50FFZyj0QS8YFmVN744u9hP5my4HimXf7/vzTPYmCw8MjqotWtrNJQ==",
      "requires": {
        "@react-md/theme": "^2.9.1",
        "@react-md/utils": "^2.9.1",
        "classnames": "^2.3.1",
        "prop-types": ">= 15.6"
      }
    },
    "@react-md/utils": {
      "version": "2.9.1",
      "resolved": "https://registry.npmjs.org/@react-md/utils/-/utils-2.9.1.tgz",
      "integrity": "sha512-XxyMUl7r0Gwjg/kv11UM8TomdxgeUlK8wP2AxaMauY5Cv2WSs5SLUvjQZ9rki0ZlIx5CmfP/WrJFPW7Ik94yJA==",
      "requires": {
        "@juggle/resize-observer": "^3.3.0",
        "classnames": "^2.3.1"
      }
    },
    "@types/cookiejar": {
      "version": "2.1.2",
      "resolved": "https://registry.npmjs.org/@types/cookiejar/-/cookiejar-2.1.2.tgz",
      "integrity": "sha512-t73xJJrvdTjXrn4jLS9VSGRbz0nUY3cl2DMGDU48lKl+HR9dbbjW2A9r3g40VA++mQpy6uuHg33gy7du2BKpog==",
      "dev": true
    },
    "@types/node": {
      "version": "14.18.12",
      "resolved": "https://registry.npmjs.org/@types/node/-/node-14.18.12.tgz",
      "integrity": "sha512-q4jlIR71hUpWTnGhXWcakgkZeHa3CCjcQcnuzU8M891BAWA2jHiziiWEPEkdS5pFsz7H9HJiy8BrK7tBRNrY7A==",
      "dev": true
    },
    "@types/prop-types": {
      "version": "15.7.4",
      "resolved": "https://registry.npmjs.org/@types/prop-types/-/prop-types-15.7.4.tgz",
      "integrity": "sha512-rZ5drC/jWjrArrS8BR6SIr4cWpW09RNTYt9AMZo3Jwwif+iacXAqgVjm0B0Bv/S1jhDXKHqRVNCbACkJ89RAnQ=="
    },
    "@types/react": {
      "version": "16.14.24",
      "resolved": "https://registry.npmjs.org/@types/react/-/react-16.14.24.tgz",
      "integrity": "sha512-e7U2WC8XQP/xfR7bwhOhNFZKPTfW1ph+MiqtudKb8tSV8RyCsovQx2sNVtKoOryjxFKpHPPC/yNiGfdeVM5Gyw==",
      "requires": {
        "@types/prop-types": "*",
        "@types/scheduler": "*",
        "csstype": "^3.0.2"
      }
    },
    "@types/react-transition-group": {
      "version": "4.4.4",
      "resolved": "https://registry.npmjs.org/@types/react-transition-group/-/react-transition-group-4.4.4.tgz",
      "integrity": "sha512-7gAPz7anVK5xzbeQW9wFBDg7G++aPLAFY0QaSMOou9rJZpbuI58WAuJrgu+qR92l61grlnCUe7AFX8KGahAgug==",
      "requires": {
        "@types/react": "*"
      }
    },
    "@types/scheduler": {
      "version": "0.16.2",
      "resolved": "https://registry.npmjs.org/@types/scheduler/-/scheduler-0.16.2.tgz",
      "integrity": "sha512-hppQEBDmlwhFAXKJX2KnWLYu5yMfi91yazPb2l+lbJiwW+wdo1gNeRA+3RgNSO39WYX2euey41KEwnqesU2Jew=="
    },
    "@types/superagent": {
      "version": "4.1.15",
      "resolved": "https://registry.npmjs.org/@types/superagent/-/superagent-4.1.15.tgz",
      "integrity": "sha512-mu/N4uvfDN2zVQQ5AYJI/g4qxn2bHB6521t1UuH09ShNWjebTqN0ZFuYK9uYjcgmI0dTQEs+Owi1EO6U0OkOZQ==",
      "dev": true,
      "requires": {
        "@types/cookiejar": "*",
        "@types/node": "*"
      }
    },
    "anymatch": {
      "version": "3.1.2",
      "resolved": "https://registry.npmjs.org/anymatch/-/anymatch-3.1.2.tgz",
      "integrity": "sha512-P43ePfOAIupkguHUycrc4qJ9kz8ZiuOUijaETwX7THt0Y/GNK7v0aa8rY816xWjZ7rJdA5XdMcpVFTKMq+RvWg==",
      "dev": true,
      "requires": {
        "normalize-path": "^3.0.0",
        "picomatch": "^2.0.4"
      }
    },
    "asap": {
      "version": "2.0.6",
      "resolved": "https://registry.npmjs.org/asap/-/asap-2.0.6.tgz",
      "integrity": "sha1-5QNHYR1+aQlDIIu9r+vLwvuGbUY="
    },
    "asynckit": {
      "version": "0.4.0",
      "resolved": "https://registry.npmjs.org/asynckit/-/asynckit-0.4.0.tgz",
      "integrity": "sha1-x57Zf380y48robyXkLzDZkdLS3k="
    },
    "binary-extensions": {
      "version": "2.2.0",
      "resolved": "https://registry.npmjs.org/binary-extensions/-/binary-extensions-2.2.0.tgz",
      "integrity": "sha512-jDctJ/IVQbZoJykoeHbhXpOlNBqGNcwXJKJog42E5HDPUwQTSdjCHdihjj0DlnheQ7blbT6dHOafNAiS8ooQKA==",
      "dev": true
    },
    "braces": {
      "version": "3.0.2",
      "resolved": "https://registry.npmjs.org/braces/-/braces-3.0.2.tgz",
      "integrity": "sha512-b8um+L1RzM3WDSzvhm6gIz1yfTbBt6YTlcEKAvsmqCZZFw46z626lVj9j1yEPW33H5H+lBQpZMP1k8l+78Ha0A==",
      "dev": true,
      "requires": {
        "fill-range": "^7.0.1"
      }
    },
    "call-bind": {
      "version": "1.0.2",
      "resolved": "https://registry.npmjs.org/call-bind/-/call-bind-1.0.2.tgz",
      "integrity": "sha512-7O+FbCihrB5WGbFYesctwmTKae6rOiIzmz1icreWJ+0aA7LJfuqhEso2T9ncpcFtzMQtzXf2QGGueWJGTYsqrA==",
      "requires": {
        "function-bind": "^1.1.1",
        "get-intrinsic": "^1.0.2"
      }
    },
    "caniuse-lite": {
      "version": "1.0.30001314",
      "resolved": "https://registry.npmjs.org/caniuse-lite/-/caniuse-lite-1.0.30001314.tgz",
      "integrity": "sha512-0zaSO+TnCHtHJIbpLroX7nsD+vYuOVjl3uzFbJO1wMVbuveJA0RK2WcQA9ZUIOiO0/ArMiMgHJLxfEZhQiC0kw=="
    },
    "chokidar": {
      "version": "3.5.3",
      "resolved": "https://registry.npmjs.org/chokidar/-/chokidar-3.5.3.tgz",
      "integrity": "sha512-Dr3sfKRP6oTcjf2JmUmFJfeVMvXBdegxB0iVQ5eb2V10uFJUCAS8OByZdVAyVb8xXNz3GjjTgj9kLWsZTqE6kw==",
      "dev": true,
      "requires": {
        "anymatch": "~3.1.2",
        "braces": "~3.0.2",
        "fsevents": "~2.3.2",
        "glob-parent": "~5.1.2",
        "is-binary-path": "~2.1.0",
        "is-glob": "~4.0.1",
        "normalize-path": "~3.0.0",
        "readdirp": "~3.6.0"
      }
    },
    "classnames": {
      "version": "2.3.1",
      "resolved": "https://registry.npmjs.org/classnames/-/classnames-2.3.1.tgz",
      "integrity": "sha512-OlQdbZ7gLfGarSqxesMesDa5uz7KFbID8Kpq/SxIoNGDqY8lSYs0D+hhtBXhcdB3rcbXArFr7vlHheLk1voeNA=="
    },
    "combined-stream": {
      "version": "1.0.8",
      "resolved": "https://registry.npmjs.org/combined-stream/-/combined-stream-1.0.8.tgz",
      "integrity": "sha512-FQN4MRfuJeHf7cBbBMJFXhKSDq+2kAArBlmRBvcvFE5BB1HZKXtSFASDhdlz9zOYwxh8lDdnvmMOe/+5cdoEdg==",
      "requires": {
        "delayed-stream": "~1.0.0"
      }
    },
    "component-emitter": {
      "version": "1.3.0",
      "resolved": "https://registry.npmjs.org/component-emitter/-/component-emitter-1.3.0.tgz",
      "integrity": "sha512-Rd3se6QB+sO1TwqZjscQrurpEPIfO0/yYnSin6Q/rD3mOutHvUrCAhJub3r90uNb+SESBuE0QYoB90YdfatsRg=="
    },
    "cookiejar": {
      "version": "2.1.3",
      "resolved": "https://registry.npmjs.org/cookiejar/-/cookiejar-2.1.3.tgz",
      "integrity": "sha512-JxbCBUdrfr6AQjOXrxoTvAMJO4HBTUIlBzslcJPAz+/KT8yk53fXun51u+RenNYvad/+Vc2DIz5o9UxlCDymFQ=="
    },
    "csstype": {
      "version": "3.0.11",
      "resolved": "https://registry.npmjs.org/csstype/-/csstype-3.0.11.tgz",
      "integrity": "sha512-sa6P2wJ+CAbgyy4KFssIb/JNMLxFvKF1pCYCSXS8ZMuqZnMsrxqI2E5sPyoTpxoPU/gVZMzr2zjOfg8GIZOMsw=="
    },
    "debug": {
      "version": "4.3.3",
      "resolved": "https://registry.npmjs.org/debug/-/debug-4.3.3.tgz",
      "integrity": "sha512-/zxw5+vh1Tfv+4Qn7a5nsbcJKPaSvCDhojn6FEl9vupwK2VCSDtEiEtqr8DFtzYFOdz63LBkxec7DYuc2jon6Q==",
      "requires": {
        "ms": "2.1.2"
      }
    },
    "delayed-stream": {
      "version": "1.0.0",
      "resolved": "https://registry.npmjs.org/delayed-stream/-/delayed-stream-1.0.0.tgz",
      "integrity": "sha1-3zrhmayt+31ECqrgsp4icrJOxhk="
    },
    "dezalgo": {
      "version": "1.0.3",
      "resolved": "https://registry.npmjs.org/dezalgo/-/dezalgo-1.0.3.tgz",
      "integrity": "sha1-f3Qt4Gb8dIvI24IFad3c5Jvw1FY=",
      "requires": {
        "asap": "^2.0.0",
        "wrappy": "1"
      }
    },
    "dom-helpers": {
      "version": "5.2.1",
      "resolved": "https://registry.npmjs.org/dom-helpers/-/dom-helpers-5.2.1.tgz",
      "integrity": "sha512-nRCa7CK3VTrM2NmGkIy4cbK7IZlgBE/PYMn55rrXefr5xXDP0LdtfPnblFDoVdcAfslJ7or6iqAUnx0CCGIWQA==",
      "requires": {
        "@babel/runtime": "^7.8.7",
        "csstype": "^3.0.2"
      }
    },
    "fast-safe-stringify": {
      "version": "2.1.1",
      "resolved": "https://registry.npmjs.org/fast-safe-stringify/-/fast-safe-stringify-2.1.1.tgz",
      "integrity": "sha512-W+KJc2dmILlPplD/H4K9l9LcAHAfPtP6BY84uVLXQ6Evcz9Lcg33Y2z1IVblT6xdY54PXYVHEv+0Wpq8Io6zkA=="
    },
    "fill-range": {
      "version": "7.0.1",
      "resolved": "https://registry.npmjs.org/fill-range/-/fill-range-7.0.1.tgz",
      "integrity": "sha512-qOo9F+dMUmC2Lcb4BbVvnKJxTPjCm+RRpe4gDuGrzkL7mEVl/djYSu2OdQ2Pa302N4oqkSg9ir6jaLWJ2USVpQ==",
      "dev": true,
      "requires": {
        "to-regex-range": "^5.0.1"
      }
    },
    "form-data": {
      "version": "4.0.0",
      "resolved": "https://registry.npmjs.org/form-data/-/form-data-4.0.0.tgz",
      "integrity": "sha512-ETEklSGi5t0QMZuiXoA/Q6vcnxcLQP5vdugSpuAyi6SVGi2clPPp+xgEhuMaHC+zGgn31Kd235W35f7Hykkaww==",
      "requires": {
        "asynckit": "^0.4.0",
        "combined-stream": "^1.0.8",
        "mime-types": "^2.1.12"
      }
    },
    "formidable": {
      "version": "2.0.1",
      "resolved": "https://registry.npmjs.org/formidable/-/formidable-2.0.1.tgz",
      "integrity": "sha512-rjTMNbp2BpfQShhFbR3Ruk3qk2y9jKpvMW78nJgx8QKtxjDVrwbZG+wvDOmVbifHyOUOQJXxqEy6r0faRrPzTQ==",
      "requires": {
        "dezalgo": "1.0.3",
        "hexoid": "1.0.0",
        "once": "1.4.0",
        "qs": "6.9.3"
      },
      "dependencies": {
        "qs": {
          "version": "6.9.3",
          "resolved": "https://registry.npmjs.org/qs/-/qs-6.9.3.tgz",
          "integrity": "sha512-EbZYNarm6138UKKq46tdx08Yo/q9ZhFoAXAI1meAFd2GtbRDhbZY2WQSICskT0c5q99aFzLG1D4nvTk9tqfXIw=="
        }
      }
    },
    "fsevents": {
      "version": "2.3.2",
      "resolved": "https://registry.npmjs.org/fsevents/-/fsevents-2.3.2.tgz",
      "integrity": "sha512-xiqMQR4xAeHTuB9uWm+fFRcIOgKBMiOBP+eXiyT7jsgVCq1bkVygt00oASowB7EdtpOHaaPgKt812P9ab+DDKA==",
      "dev": true,
      "optional": true
    },
    "function-bind": {
      "version": "1.1.1",
      "resolved": "https://registry.npmjs.org/function-bind/-/function-bind-1.1.1.tgz",
      "integrity": "sha512-yIovAzMX49sF8Yl58fSCWJ5svSLuaibPxXQJFLmBObTuCr0Mf1KiPopGM9NiFjiYBCbfaa2Fh6breQ6ANVTI0A=="
    },
    "get-intrinsic": {
      "version": "1.1.1",
      "resolved": "https://registry.npmjs.org/get-intrinsic/-/get-intrinsic-1.1.1.tgz",
      "integrity": "sha512-kWZrnVM42QCiEA2Ig1bG8zjoIMOgxWwYCEeNdwY6Tv/cOSeGpcoX4pXHfKUxNKVoArnrEr2e9srnAxxGIraS9Q==",
      "requires": {
        "function-bind": "^1.1.1",
        "has": "^1.0.3",
        "has-symbols": "^1.0.1"
      }
    },
    "glob-parent": {
      "version": "5.1.2",
      "resolved": "https://registry.npmjs.org/glob-parent/-/glob-parent-5.1.2.tgz",
      "integrity": "sha512-AOIgSQCepiJYwP3ARnGx+5VnTu2HBYdzbGP45eLw1vr3zB3vZLeyed1sC9hnbcOc9/SrMyM5RPQrkGz4aS9Zow==",
      "dev": true,
      "requires": {
        "is-glob": "^4.0.1"
      }
    },
    "has": {
      "version": "1.0.3",
      "resolved": "https://registry.npmjs.org/has/-/has-1.0.3.tgz",
      "integrity": "sha512-f2dvO0VU6Oej7RkWJGrehjbzMAjFp5/VKPp5tTpWIV4JHHZK1/BxbFRtf/siA2SWTe09caDmVtYYzWEIbBS4zw==",
      "requires": {
        "function-bind": "^1.1.1"
      }
    },
    "has-symbols": {
      "version": "1.0.3",
      "resolved": "https://registry.npmjs.org/has-symbols/-/has-symbols-1.0.3.tgz",
      "integrity": "sha512-l3LCuF6MgDNwTDKkdYGEihYjt5pRPbEg46rtlmnSPlUbgmB8LOIrKJbYYFBSbnPaJexMKtiPO8hmeRjRz2Td+A=="
    },
    "hexoid": {
      "version": "1.0.0",
      "resolved": "https://registry.npmjs.org/hexoid/-/hexoid-1.0.0.tgz",
      "integrity": "sha512-QFLV0taWQOZtvIRIAdBChesmogZrtuXvVWsFHZTk2SU+anspqZ2vMnoLg7IE1+Uk16N19APic1BuF8bC8c2m5g=="
    },
    "immutable": {
      "version": "4.0.0",
      "resolved": "https://registry.npmjs.org/immutable/-/immutable-4.0.0.tgz",
      "integrity": "sha512-zIE9hX70qew5qTUjSS7wi1iwj/l7+m54KWU247nhM3v806UdGj1yDndXj+IOYxxtW9zyLI+xqFNZjTuDaLUqFw==",
      "dev": true
    },
    "inherits": {
      "version": "2.0.4",
      "resolved": "https://registry.npmjs.org/inherits/-/inherits-2.0.4.tgz",
      "integrity": "sha512-k/vGaX4/Yla3WzyMCvTQOXYeIHvqOKtnqBduzTHpzpQZzAskKMhZ2K+EnBiSM9zGSoIFeMpXKxa4dYeZIQqewQ=="
    },
    "is-binary-path": {
      "version": "2.1.0",
      "resolved": "https://registry.npmjs.org/is-binary-path/-/is-binary-path-2.1.0.tgz",
      "integrity": "sha512-ZMERYes6pDydyuGidse7OsHxtbI7WVeUEozgR/g7rd0xUimYNlvZRE/K2MgZTjWy725IfelLeVcEM97mmtRGXw==",
      "dev": true,
      "requires": {
        "binary-extensions": "^2.0.0"
      }
    },
    "is-extglob": {
      "version": "2.1.1",
      "resolved": "https://registry.npmjs.org/is-extglob/-/is-extglob-2.1.1.tgz",
      "integrity": "sha1-qIwCU1eR8C7TfHahueqXc8gz+MI=",
      "dev": true
    },
    "is-glob": {
      "version": "4.0.3",
      "resolved": "https://registry.npmjs.org/is-glob/-/is-glob-4.0.3.tgz",
      "integrity": "sha512-xelSayHH36ZgE7ZWhli7pW34hNbNl8Ojv5KVmkJD4hBdD3th8Tfk9vYasLM+mXWOZhFkgZfxhLSnrwRr4elSSg==",
      "dev": true,
      "requires": {
        "is-extglob": "^2.1.1"
      }
    },
    "is-number": {
      "version": "7.0.0",
      "resolved": "https://registry.npmjs.org/is-number/-/is-number-7.0.0.tgz",
      "integrity": "sha512-41Cifkg6e8TylSpdtTpeLVMqvSBEVzTttHvERD741+pnZ8ANv0004MRL43QKPDlK9cGvNp6NZWZUBlbGXYxxng==",
      "dev": true
    },
    "js-tokens": {
      "version": "4.0.0",
      "resolved": "https://registry.npmjs.org/js-tokens/-/js-tokens-4.0.0.tgz",
      "integrity": "sha512-RdJUflcE3cUzKiMqQgsCu06FPu9UdIJO0beYbPhHN4k6apgJtifcoCtT9bcxOpYBtpD2kCM6Sbzg4CausW/PKQ=="
    },
    "loose-envify": {
      "version": "1.4.0",
      "resolved": "https://registry.npmjs.org/loose-envify/-/loose-envify-1.4.0.tgz",
      "integrity": "sha512-lyuxPGr/Wfhrlem2CL/UcnUc1zcqKAImBDzukY7Y5F/yQiNdko6+fRLevlw1HgMySw7f611UIY408EtxRSoK3Q==",
      "requires": {
        "js-tokens": "^3.0.0 || ^4.0.0"
      }
    },
    "lru-cache": {
      "version": "6.0.0",
      "resolved": "https://registry.npmjs.org/lru-cache/-/lru-cache-6.0.0.tgz",
      "integrity": "sha512-Jo6dJ04CmSjuznwJSS3pUeWmd/H0ffTlkXXgwZi+eq1UCmqQwCh+eLsYOYCwY991i2Fah4h1BEMCx4qThGbsiA==",
      "requires": {
        "yallist": "^4.0.0"
      }
    },
    "methods": {
      "version": "1.1.2",
      "resolved": "https://registry.npmjs.org/methods/-/methods-1.1.2.tgz",
      "integrity": "sha1-VSmk1nZUE07cxSZmVoNbD4Ua/O4="
    },
    "mime": {
      "version": "2.6.0",
      "resolved": "https://registry.npmjs.org/mime/-/mime-2.6.0.tgz",
      "integrity": "sha512-USPkMeET31rOMiarsBNIHZKLGgvKc/LrjofAnBlOttf5ajRvqiRA8QsenbcooctK6d6Ts6aqZXBA+XbkKthiQg=="
    },
    "mime-db": {
      "version": "1.51.0",
      "resolved": "https://registry.npmjs.org/mime-db/-/mime-db-1.51.0.tgz",
      "integrity": "sha512-5y8A56jg7XVQx2mbv1lu49NR4dokRnhZYTtL+KGfaa27uq4pSTXkwQkFJl4pkRMyNFz/EtYDSkiiEHx3F7UN6g=="
    },
    "mime-types": {
      "version": "2.1.34",
      "resolved": "https://registry.npmjs.org/mime-types/-/mime-types-2.1.34.tgz",
      "integrity": "sha512-6cP692WwGIs9XXdOO4++N+7qjqv0rqxxVvJ3VHPh/Sc9mVZcQP+ZGhkKiTvWMQRr2tbHkJP/Yn7Y0npb3ZBs4A==",
      "requires": {
        "mime-db": "1.51.0"
      }
    },
    "ms": {
      "version": "2.1.2",
      "resolved": "https://registry.npmjs.org/ms/-/ms-2.1.2.tgz",
      "integrity": "sha512-sGkPx+VjMtmA6MX27oA4FBFELFCZZ4S4XqeGOXCv68tT+jb3vk/RyaKWP0PTKyWtmLSM0b+adUTEvbs1PEaH2w=="
    },
    "nanoid": {
      "version": "3.3.1",
      "resolved": "https://registry.npmjs.org/nanoid/-/nanoid-3.3.1.tgz",
      "integrity": "sha512-n6Vs/3KGyxPQd6uO0eH4Bv0ojGSUvuLlIHtC3Y0kEO23YRge8H9x1GCzLn28YX0H66pMkxuaeESFq4tKISKwdw=="
    },
    "next": {
      "version": "12.1.0",
      "resolved": "https://registry.npmjs.org/next/-/next-12.1.0.tgz",
      "integrity": "sha512-s885kWvnIlxsUFHq9UGyIyLiuD0G3BUC/xrH0CEnH5lHEWkwQcHOORgbDF0hbrW9vr/7am4ETfX4A7M6DjrE7Q==",
      "requires": {
        "@next/env": "12.1.0",
        "@next/swc-android-arm64": "12.1.0",
        "@next/swc-darwin-arm64": "12.1.0",
        "@next/swc-darwin-x64": "12.1.0",
        "@next/swc-linux-arm-gnueabihf": "12.1.0",
        "@next/swc-linux-arm64-gnu": "12.1.0",
        "@next/swc-linux-arm64-musl": "12.1.0",
        "@next/swc-linux-x64-gnu": "12.1.0",
        "@next/swc-linux-x64-musl": "12.1.0",
        "@next/swc-win32-arm64-msvc": "12.1.0",
        "@next/swc-win32-ia32-msvc": "12.1.0",
        "@next/swc-win32-x64-msvc": "12.1.0",
        "caniuse-lite": "^1.0.30001283",
        "postcss": "8.4.5",
        "styled-jsx": "5.0.0",
        "use-subscription": "1.5.1"
      }
    },
    "normalize-path": {
      "version": "3.0.0",
      "resolved": "https://registry.npmjs.org/normalize-path/-/normalize-path-3.0.0.tgz",
      "integrity": "sha512-6eZs5Ls3WtCisHWp9S2GUy8dqkpGi4BVSz3GaqiE6ezub0512ESztXUwUB6C6IKbQkY2Pnb/mD4WYojCRwcwLA==",
      "dev": true
    },
    "object-assign": {
      "version": "4.1.1",
      "resolved": "https://registry.npmjs.org/object-assign/-/object-assign-4.1.1.tgz",
      "integrity": "sha1-IQmtx5ZYh8/AXLvUQsrIv7s2CGM="
    },
    "object-inspect": {
      "version": "1.12.0",
      "resolved": "https://registry.npmjs.org/object-inspect/-/object-inspect-1.12.0.tgz",
      "integrity": "sha512-Ho2z80bVIvJloH+YzRmpZVQe87+qASmBUKZDWgx9cu+KDrX2ZDH/3tMy+gXbZETVGs2M8YdxObOh7XAtim9Y0g=="
    },
    "once": {
      "version": "1.4.0",
      "resolved": "https://registry.npmjs.org/once/-/once-1.4.0.tgz",
      "integrity": "sha1-WDsap3WWHUsROsF9nFC6753Xa9E=",
      "requires": {
        "wrappy": "1"
      }
    },
    "picocolors": {
      "version": "1.0.0",
      "resolved": "https://registry.npmjs.org/picocolors/-/picocolors-1.0.0.tgz",
      "integrity": "sha512-1fygroTLlHu66zi26VoTDv8yRgm0Fccecssto+MhsZ0D/DGW2sm8E8AjW7NU5VVTRt5GxbeZ5qBuJr+HyLYkjQ=="
    },
    "picomatch": {
      "version": "2.3.1",
      "resolved": "https://registry.npmjs.org/picomatch/-/picomatch-2.3.1.tgz",
      "integrity": "sha512-JU3teHTNjmE2VCGFzuY8EXzCDVwEqB2a8fsIvwaStHhAWJEeVd1o1QD80CU6+ZdEXXSLbSsuLwJjkCBWqRQUVA==",
      "dev": true
    },
    "postcss": {
      "version": "8.4.5",
      "resolved": "https://registry.npmjs.org/postcss/-/postcss-8.4.5.tgz",
      "integrity": "sha512-jBDboWM8qpaqwkMwItqTQTiFikhs/67OYVvblFFTM7MrZjt6yMKd6r2kgXizEbTTljacm4NldIlZnhbjr84QYg==",
      "requires": {
        "nanoid": "^3.1.30",
        "picocolors": "^1.0.0",
        "source-map-js": "^1.0.1"
      }
    },
    "prettier": {
      "version": "2.5.1",
      "resolved": "https://registry.npmjs.org/prettier/-/prettier-2.5.1.tgz",
      "integrity": "sha512-vBZcPRUR5MZJwoyi3ZoyQlc1rXeEck8KgeC9AwwOn+exuxLxq5toTRDTSaVrXHxelDMHy9zlicw8u66yxoSUFg==",
      "dev": true
    },
    "prop-types": {
      "version": "15.8.1",
      "resolved": "https://registry.npmjs.org/prop-types/-/prop-types-15.8.1.tgz",
      "integrity": "sha512-oj87CgZICdulUohogVAR7AjlC0327U4el4L6eAvOqCeudMDVU0NThNaV+b9Df4dXgSP1gXMTnPdhfe/2qDH5cg==",
      "requires": {
        "loose-envify": "^1.4.0",
        "object-assign": "^4.1.1",
        "react-is": "^16.13.1"
      }
    },
    "qs": {
      "version": "6.10.3",
      "resolved": "https://registry.npmjs.org/qs/-/qs-6.10.3.tgz",
      "integrity": "sha512-wr7M2E0OFRfIfJZjKGieI8lBKb7fRCH4Fv5KNPEs7gJ8jadvotdsS08PzOKR7opXhZ/Xkjtt3WF9g38drmyRqQ==",
      "requires": {
        "side-channel": "^1.0.4"
      }
    },
    "react": {
      "version": "17.0.2",
      "resolved": "https://registry.npmjs.org/react/-/react-17.0.2.tgz",
      "integrity": "sha512-gnhPt75i/dq/z3/6q/0asP78D0u592D5L1pd7M8P+dck6Fu/jJeL6iVVK23fptSUZj8Vjf++7wXA8UNclGQcbA==",
      "requires": {
        "loose-envify": "^1.1.0",
        "object-assign": "^4.1.1"
      }
    },
    "react-dom": {
      "version": "17.0.2",
      "resolved": "https://registry.npmjs.org/react-dom/-/react-dom-17.0.2.tgz",
      "integrity": "sha512-s4h96KtLDUQlsENhMn1ar8t2bEa+q/YAtj8pPPdIjPDGBDIVNsrD9aXNWqspUe6AzKCIG0C1HZZLqLV7qpOBGA==",
      "requires": {
        "loose-envify": "^1.1.0",
        "object-assign": "^4.1.1",
        "scheduler": "^0.20.2"
      }
    },
    "react-is": {
      "version": "16.13.1",
      "resolved": "https://registry.npmjs.org/react-is/-/react-is-16.13.1.tgz",
      "integrity": "sha512-24e6ynE2H+OKt4kqsOvNd8kBpV65zoxbA4BVsEOB3ARVWQki/DHzaUoC5KuON/BiccDaCCTZBuOcfZs70kR8bQ=="
    },
    "react-md": {
      "version": "2.9.1",
      "resolved": "https://registry.npmjs.org/react-md/-/react-md-2.9.1.tgz",
      "integrity": "sha512-9BazlHlx97+LKpdlt5MWIE3Dn9I1/2Y1RvM7LtnIj9/hZx/13aMY+goj6Jnh1gv4onpRl76gqv1oJ+e+EzA0xg==",
      "requires": {
        "@react-md/alert": "^2.9.1",
        "@react-md/app-bar": "^2.9.1",
        "@react-md/autocomplete": "^2.9.1",
        "@react-md/avatar": "^2.9.1",
        "@react-md/badge": "^2.9.1",
        "@react-md/button": "^2.9.1",
        "@react-md/card": "^2.9.1",
        "@react-md/chip": "^2.9.1",
        "@react-md/dialog": "^2.9.1",
        "@react-md/divider": "^2.9.1",
        "@react-md/elevation": "^2.9.1",
        "@react-md/expansion-panel": "^2.9.1",
        "@react-md/form": "^2.9.1",
        "@react-md/icon": "^2.9.1",
        "@react-md/layout": "^2.9.1",
        "@react-md/link": "^2.9.1",
        "@react-md/list": "^2.9.1",
        "@react-md/material-icons": "^2.9.1",
        "@react-md/media": "^2.9.1",
        "@react-md/menu": "^2.9.1",
        "@react-md/overlay": "^2.9.1",
        "@react-md/portal": "^2.9.1",
        "@react-md/progress": "^2.9.1",
        "@react-md/sheet": "^2.9.1",
        "@react-md/states": "^2.9.1",
        "@react-md/table": "^2.9.1",
        "@react-md/tabs": "^2.9.1",
        "@react-md/theme": "^2.9.1",
        "@react-md/tooltip": "^2.9.1",
        "@react-md/transition": "^2.9.1",
        "@react-md/tree": "^2.9.1",
        "@react-md/typography": "^2.9.1",
        "@react-md/utils": "^2.9.1"
      }
    },
    "react-transition-group": {
      "version": "4.4.2",
      "resolved": "https://registry.npmjs.org/react-transition-group/-/react-transition-group-4.4.2.tgz",
      "integrity": "sha512-/RNYfRAMlZwDSr6z4zNKV6xu53/e2BuaBbGhbyYIXTrmgu/bGHzmqOs7mJSJBHy9Ud+ApHx3QjrkKSp1pxvlFg==",
      "requires": {
        "@babel/runtime": "^7.5.5",
        "dom-helpers": "^5.0.1",
        "loose-envify": "^1.4.0",
        "prop-types": "^15.6.2"
      }
    },
    "readable-stream": {
      "version": "3.6.0",
      "resolved": "https://registry.npmjs.org/readable-stream/-/readable-stream-3.6.0.tgz",
      "integrity": "sha512-BViHy7LKeTz4oNnkcLJ+lVSL6vpiFeX6/d3oSH8zCW7UxP2onchk+vTGB143xuFjHS3deTgkKoXXymXqymiIdA==",
      "requires": {
        "inherits": "^2.0.3",
        "string_decoder": "^1.1.1",
        "util-deprecate": "^1.0.1"
      }
    },
    "readdirp": {
      "version": "3.6.0",
      "resolved": "https://registry.npmjs.org/readdirp/-/readdirp-3.6.0.tgz",
      "integrity": "sha512-hOS089on8RduqdbhvQ5Z37A0ESjsqz6qnRcffsMU3495FuTdqSm+7bhJ29JvIOsBDEEnan5DPu9t3To9VRlMzA==",
      "dev": true,
      "requires": {
        "picomatch": "^2.2.1"
      }
    },
    "regenerator-runtime": {
      "version": "0.13.9",
      "resolved": "https://registry.npmjs.org/regenerator-runtime/-/regenerator-runtime-0.13.9.tgz",
      "integrity": "sha512-p3VT+cOEgxFsRRA9X4lkI1E+k2/CtnKtU4gcxyaCUreilL/vqI6CdZ3wxVUx3UOUg+gnUOQQcRI7BmSI656MYA=="
    },
    "safe-buffer": {
      "version": "5.2.1",
      "resolved": "https://registry.npmjs.org/safe-buffer/-/safe-buffer-5.2.1.tgz",
      "integrity": "sha512-rp3So07KcdmmKbGvgaNxQSJr7bGVSVk5S9Eq1F+ppbRo70+YeaDxkw5Dd8NPN+GD6bjnYm2VuPuCXmpuYvmCXQ=="
    },
    "sass": {
      "version": "1.49.9",
      "resolved": "https://registry.npmjs.org/sass/-/sass-1.49.9.tgz",
      "integrity": "sha512-YlYWkkHP9fbwaFRZQRXgDi3mXZShslVmmo+FVK3kHLUELHHEYrCmL1x6IUjC7wLS6VuJSAFXRQS/DxdsC4xL1A==",
      "dev": true,
      "requires": {
        "chokidar": ">=3.0.0 <4.0.0",
        "immutable": "^4.0.0",
        "source-map-js": ">=0.6.2 <2.0.0"
      }
    },
    "scheduler": {
      "version": "0.20.2",
      "resolved": "https://registry.npmjs.org/scheduler/-/scheduler-0.20.2.tgz",
      "integrity": "sha512-2eWfGgAqqWFGqtdMmcL5zCMK1U8KlXv8SQFGglL3CEtd0aDVDWgeF/YoCmvln55m5zSk3J/20hTaSBeSObsQDQ==",
      "requires": {
        "loose-envify": "^1.1.0",
        "object-assign": "^4.1.1"
      }
    },
    "semver": {
      "version": "7.3.5",
      "resolved": "https://registry.npmjs.org/semver/-/semver-7.3.5.tgz",
      "integrity": "sha512-PoeGJYh8HK4BTO/a9Tf6ZG3veo/A7ZVsYrSA6J8ny9nb3B1VrpkuN+z9OE5wfE5p6H4LchYZsegiQgbJD94ZFQ==",
      "requires": {
        "lru-cache": "^6.0.0"
      }
    },
    "side-channel": {
      "version": "1.0.4",
      "resolved": "https://registry.npmjs.org/side-channel/-/side-channel-1.0.4.tgz",
      "integrity": "sha512-q5XPytqFEIKHkGdiMIrY10mvLRvnQh42/+GoBlFW3b2LXLE2xxJpZFdm94we0BaoV3RwJyGqg5wS7epxTv0Zvw==",
      "requires": {
        "call-bind": "^1.0.0",
        "get-intrinsic": "^1.0.2",
        "object-inspect": "^1.9.0"
      }
    },
    "source-map-js": {
      "version": "1.0.2",
      "resolved": "https://registry.npmjs.org/source-map-js/-/source-map-js-1.0.2.tgz",
      "integrity": "sha512-R0XvVJ9WusLiqTCEiGCmICCMplcCkIwwR11mOSD9CR5u+IXYdiseeEuXCVAjS54zqwkLcPNnmU4OeJ6tUrWhDw=="
    },
    "string_decoder": {
      "version": "1.3.0",
      "resolved": "https://registry.npmjs.org/string_decoder/-/string_decoder-1.3.0.tgz",
      "integrity": "sha512-hkRX8U1WjJFd8LsDJ2yQ/wWWxaopEsABU1XfkM8A+j0+85JAGppt16cr1Whg6KIbb4okU6Mql6BOj+uup/wKeA==",
      "requires": {
        "safe-buffer": "~5.2.0"
      }
    },
    "styled-jsx": {
      "version": "5.0.0",
      "resolved": "https://registry.npmjs.org/styled-jsx/-/styled-jsx-5.0.0.tgz",
      "integrity": "sha512-qUqsWoBquEdERe10EW8vLp3jT25s/ssG1/qX5gZ4wu15OZpmSMFI2v+fWlRhLfykA5rFtlJ1ME8A8pm/peV4WA=="
    },
    "superagent": {
      "version": "7.1.1",
      "resolved": "https://registry.npmjs.org/superagent/-/superagent-7.1.1.tgz",
      "integrity": "sha512-CQ2weSS6M+doIwwYFoMatklhRbx6sVNdB99OEJ5czcP3cng76Ljqus694knFWgOj3RkrtxZqIgpe6vhe0J7QWQ==",
      "requires": {
        "component-emitter": "^1.3.0",
        "cookiejar": "^2.1.3",
        "debug": "^4.3.3",
        "fast-safe-stringify": "^2.1.1",
        "form-data": "^4.0.0",
        "formidable": "^2.0.1",
        "methods": "^1.1.2",
        "mime": "^2.5.0",
        "qs": "^6.10.1",
        "readable-stream": "^3.6.0",
        "semver": "^7.3.5"
      }
    },
    "to-regex-range": {
      "version": "5.0.1",
      "resolved": "https://registry.npmjs.org/to-regex-range/-/to-regex-range-5.0.1.tgz",
      "integrity": "sha512-65P7iz6X5yEr1cwcgvQxbbIw7Uk3gOy5dIdtZ4rDveLqhrdJP+Li/Hx6tyK0NEb+2GCyneCMJiGqrADCSNk8sQ==",
      "dev": true,
      "requires": {
        "is-number": "^7.0.0"
      }
    },
    "typescript": {
      "version": "3.9.10",
      "resolved": "https://registry.npmjs.org/typescript/-/typescript-3.9.10.tgz",
      "integrity": "sha512-w6fIxVE/H1PkLKcCPsFqKE7Kv7QUwhU8qQY2MueZXWx5cPZdwFupLgKK3vntcK98BtNHZtAF4LA/yl2a7k8R6Q==",
      "dev": true
    },
    "use-subscription": {
      "version": "1.5.1",
      "resolved": "https://registry.npmjs.org/use-subscription/-/use-subscription-1.5.1.tgz",
      "integrity": "sha512-Xv2a1P/yReAjAbhylMfFplFKj9GssgTwN7RlcTxBujFQcloStWNDQdc4g4NRWH9xS4i/FDk04vQBptAXoF3VcA==",
      "requires": {
        "object-assign": "^4.1.1"
      }
    },
    "util-deprecate": {
      "version": "1.0.2",
      "resolved": "https://registry.npmjs.org/util-deprecate/-/util-deprecate-1.0.2.tgz",
      "integrity": "sha1-RQ1Nyfpw3nMnYvvS1KKJgUGaDM8="
    },
    "wrappy": {
      "version": "1.0.2",
      "resolved": "https://registry.npmjs.org/wrappy/-/wrappy-1.0.2.tgz",
      "integrity": "sha1-tSQ9jz7BqjXxNkYFvA0QNuMKtp8="
    },
    "yallist": {
      "version": "4.0.0",
      "resolved": "https://registry.npmjs.org/yallist/-/yallist-4.0.0.tgz",
      "integrity": "sha512-3wdGidZyq5PB084XLES5TpOSRA3wjXAlIWMhum2kRcv/41Sn2emQ0dycQW4uZXLejwKvg6EsvbdlVL+FYEct7A=="
    }
  }
}
